
Microsoft Visual Studio Solution File, Format Version 12.00
# Visual Studio 15
VisualStudioVersion = 15.0.28307.902
MinimumVisualStudioVersion = 10.0.40219.1
Project("{2150E333-8FDC-42A3-9474-1A3956D46DE8}") = "Shared Projects", "Shared Projects", "{7B680925-EC15-499F-A0C2-8F1188934504}"
EndProject
Project("{D954291E-2A0B-460D-934E-DC6B0785DB48}") = "CCLLC.CDS.Sdk", "SharedProjects\CCLLC.CDS.Sdk\CCLLC.CDS.Sdk.shproj", "{EFE8BFFA-135D-4DCC-A5AF-74E255E4CBD7}"
EndProject
Project("{D954291E-2A0B-460D-934E-DC6B0785DB48}") = "CCLLC.CDS.Sdk.Instrumented", "SharedProjects\CCLLC.CDS.Sdk.Instrumented\CCLLC.CDS.Sdk.Instrumented.shproj", "{0BA50405-D933-4671-9C61-AE6C73EE8D5B}"
EndProject
Project("{FAE04EC0-301F-11D3-BF4B-00C04F79EFBC}") = "CCLLC.CDS.Sdk", "LibraryProjects\CCLLC.CDS.Sdk\CCLLC.CDS.Sdk.csproj", "{CF336BB7-87C9-4561-9549-293426BAAA3E}"
EndProject
Project("{2150E333-8FDC-42A3-9474-1A3956D46DE8}") = "Reference Projects", "Reference Projects", "{2FC953EF-4498-44A3-9141-92E278EC8A7D}"
EndProject
Project("{FAE04EC0-301F-11D3-BF4B-00C04F79EFBC}") = "CCLLC.Core.Net", "..\CCLLC.Core\LibraryProjects\CCLLC.Core.Net\CCLLC.Core.Net.csproj", "{578FFA24-E037-4D00-976E-AB586068034A}"
EndProject
Project("{9A19103F-16F7-4668-BE54-9A1E7A4F7556}") = "CCLLC.Core.IocContainer", "..\CCLLC.Core\LibraryProjects\CCLLC.Core.IocContainer\CCLLC.Core.IocContainer.csproj", "{8AE70CE7-65E1-4117-BADE-A02E6023C1A1}"
EndProject
Project("{FAE04EC0-301F-11D3-BF4B-00C04F79EFBC}") = "CCLLC.Core.ProcessModel", "..\CCLLC.Core\LibraryProjects\CCLLC.Core.ProcessModel\CCLLC.Core.ProcessModel.csproj", "{64980A0B-A879-4350-AFED-2176DCF81A38}"
EndProject
Project("{FAE04EC0-301F-11D3-BF4B-00C04F79EFBC}") = "CCLLC.Core.Encryption", "..\CCLLC.Core\LibraryProjects\CCLLC.Core.Encryption\CCLLC.Core.Encryption.csproj", "{12AF0208-F362-4A48-8576-E2FAD75E422E}"
EndProject
Project("{FAE04EC0-301F-11D3-BF4B-00C04F79EFBC}") = "CCLLC.CDS.Sdk.Instrumented", "LibraryProjects\CCLLC.CDS.Sdk.Instrumented\CCLLC.CDS.Sdk.Instrumented.csproj", "{E064ABFF-1758-44A3-9772-4F9BA6E7283C}"
EndProject
Project("{9A19103F-16F7-4668-BE54-9A1E7A4F7556}") = "CCLLC.Telemetry", "..\CCLLC.Telemetry\LibraryProjects\CCLLC.Telemetry\CCLLC.Telemetry.csproj", "{43635423-C56A-48FE-A2FF-7857F3625A69}"
EndProject
Project("{FAE04EC0-301F-11D3-BF4B-00C04F79EFBC}") = "CCLLC.Core.Net.Instrumented", "..\CCLLC.Core\LibraryProjects\CCLLC.Core.Net.Instrumented\CCLLC.Core.Net.Instrumented.csproj", "{FE807C52-3CBE-4379-9EB9-33B28DF07DC1}"
EndProject
Project("{D954291E-2A0B-460D-934E-DC6B0785DB48}") = "CCLLC.CDS.Sdk.SearchUtilities", "SharedProjects\CCLLC.CDS.Sdk.SearchUtilities\CCLLC.CDS.Sdk.SearchUtilities.shproj", "{6BCF5AD7-E2EB-42E9-8317-FFDC2EC7FA11}"
EndProject
Global
	GlobalSection(SharedMSBuildProjectFiles) = preSolution
		SharedProjects\CCLLC.CDS.Sdk.Instrumented\CCLLC.CDS.Sdk.Instrumented.projitems*{0ba50405-d933-4671-9c61-ae6c73ee8d5b}*SharedItemsImports = 13
		..\CCLLC.Core\SharedProjects\Encryption\CCLLC.Core.Encryption.projitems*{12af0208-f362-4a48-8576-e2fad75e422e}*SharedItemsImports = 4
		..\CCLLC.Core\SharedProjects\Net\CCLLC.Core.Net.projitems*{578ffa24-e037-4d00-976e-ab586068034a}*SharedItemsImports = 4
		..\CCLLC.Core\SharedProjects\ProcessModel\CCLLC.Core.ProcessModel.projitems*{64980a0b-a879-4350-afed-2176dcf81a38}*SharedItemsImports = 4
		SharedProjects\CCLLC.CDS.Sdk.SearchUtilities\CCLLC.CDS.Sdk.SearchUtilities.projitems*{6bcf5ad7-e2eb-42e9-8317-ffdc2ec7fa11}*SharedItemsImports = 13
		SharedProjects\CCLLC.CDS.Sdk\CCLLC.CDS.Sdk.projitems*{cf336bb7-87c9-4561-9549-293426baaa3e}*SharedItemsImports = 4
		SharedProjects\CCLLC.CDS.Sdk.Instrumented\CCLLC.CDS.Sdk.Instrumented.projitems*{e064abff-1758-44a3-9772-4f9ba6e7283c}*SharedItemsImports = 4
		SharedProjects\CCLLC.CDS.Sdk\CCLLC.CDS.Sdk.projitems*{efe8bffa-135d-4dcc-a5af-74e255e4cbd7}*SharedItemsImports = 13
		..\CCLLC.Core\SharedProjects\Net.Instrumented\CCLLC.Core.Net.Instrumented.projitems*{fe807c52-3cbe-4379-9eb9-33b28df07dc1}*SharedItemsImports = 4
	EndGlobalSection
	GlobalSection(SolutionConfigurationPlatforms) = preSolution
		Debug|Any CPU = Debug|Any CPU
		Release|Any CPU = Release|Any CPU
	EndGlobalSection
	GlobalSection(ProjectConfigurationPlatforms) = postSolution
		{CF336BB7-87C9-4561-9549-293426BAAA3E}.Debug|Any CPU.ActiveCfg = Debug|Any CPU
		{CF336BB7-87C9-4561-9549-293426BAAA3E}.Debug|Any CPU.Build.0 = Debug|Any CPU
		{CF336BB7-87C9-4561-9549-293426BAAA3E}.Release|Any CPU.ActiveCfg = Release|Any CPU
		{CF336BB7-87C9-4561-9549-293426BAAA3E}.Release|Any CPU.Build.0 = Release|Any CPU
		{578FFA24-E037-4D00-976E-AB586068034A}.Debug|Any CPU.ActiveCfg = Debug|Any CPU
		{578FFA24-E037-4D00-976E-AB586068034A}.Debug|Any CPU.Build.0 = Debug|Any CPU
		{578FFA24-E037-4D00-976E-AB586068034A}.Release|Any CPU.ActiveCfg = Release|Any CPU
		{578FFA24-E037-4D00-976E-AB586068034A}.Release|Any CPU.Build.0 = Release|Any CPU
		{8AE70CE7-65E1-4117-BADE-A02E6023C1A1}.Debug|Any CPU.ActiveCfg = Debug|Any CPU
		{8AE70CE7-65E1-4117-BADE-A02E6023C1A1}.Debug|Any CPU.Build.0 = Debug|Any CPU
		{8AE70CE7-65E1-4117-BADE-A02E6023C1A1}.Release|Any CPU.ActiveCfg = Release|Any CPU
		{8AE70CE7-65E1-4117-BADE-A02E6023C1A1}.Release|Any CPU.Build.0 = Release|Any CPU
		{64980A0B-A879-4350-AFED-2176DCF81A38}.Debug|Any CPU.ActiveCfg = Debug|Any CPU
		{64980A0B-A879-4350-AFED-2176DCF81A38}.Debug|Any CPU.Build.0 = Debug|Any CPU
		{64980A0B-A879-4350-AFED-2176DCF81A38}.Release|Any CPU.ActiveCfg = Release|Any CPU
		{64980A0B-A879-4350-AFED-2176DCF81A38}.Release|Any CPU.Build.0 = Release|Any CPU
		{12AF0208-F362-4A48-8576-E2FAD75E422E}.Debug|Any CPU.ActiveCfg = Debug|Any CPU
		{12AF0208-F362-4A48-8576-E2FAD75E422E}.Debug|Any CPU.Build.0 = Debug|Any CPU
		{12AF0208-F362-4A48-8576-E2FAD75E422E}.Release|Any CPU.ActiveCfg = Release|Any CPU
		{12AF0208-F362-4A48-8576-E2FAD75E422E}.Release|Any CPU.Build.0 = Release|Any CPU
		{E064ABFF-1758-44A3-9772-4F9BA6E7283C}.Debug|Any CPU.ActiveCfg = Debug|Any CPU
		{E064ABFF-1758-44A3-9772-4F9BA6E7283C}.Debug|Any CPU.Build.0 = Debug|Any CPU
		{E064ABFF-1758-44A3-9772-4F9BA6E7283C}.Release|Any CPU.ActiveCfg = Release|Any CPU
		{E064ABFF-1758-44A3-9772-4F9BA6E7283C}.Release|Any CPU.Build.0 = Release|Any CPU
		{43635423-C56A-48FE-A2FF-7857F3625A69}.Debug|Any CPU.ActiveCfg = Debug|Any CPU
		{43635423-C56A-48FE-A2FF-7857F3625A69}.Debug|Any CPU.Build.0 = Debug|Any CPU
		{43635423-C56A-48FE-A2FF-7857F3625A69}.Release|Any CPU.ActiveCfg = Release|Any CPU
		{43635423-C56A-48FE-A2FF-7857F3625A69}.Release|Any CPU.Build.0 = Release|Any CPU
		{FE807C52-3CBE-4379-9EB9-33B28DF07DC1}.Debug|Any CPU.ActiveCfg = Debug|Any CPU
		{FE807C52-3CBE-4379-9EB9-33B28DF07DC1}.Debug|Any CPU.Build.0 = Debug|Any CPU
		{FE807C52-3CBE-4379-9EB9-33B28DF07DC1}.Release|Any CPU.ActiveCfg = Release|Any CPU
		{FE807C52-3CBE-4379-9EB9-33B28DF07DC1}.Release|Any CPU.Build.0 = Release|Any CPU
	EndGlobalSection
	GlobalSection(SolutionProperties) = preSolution
		HideSolutionNode = FALSE
	EndGlobalSection
	GlobalSection(NestedProjects) = preSolution
		{EFE8BFFA-135D-4DCC-A5AF-74E255E4CBD7} = {7B680925-EC15-499F-A0C2-8F1188934504}
		{0BA50405-D933-4671-9C61-AE6C73EE8D5B} = {7B680925-EC15-499F-A0C2-8F1188934504}
		{578FFA24-E037-4D00-976E-AB586068034A} = {2FC953EF-4498-44A3-9141-92E278EC8A7D}
		{8AE70CE7-65E1-4117-BADE-A02E6023C1A1} = {2FC953EF-4498-44A3-9141-92E278EC8A7D}
		{64980A0B-A879-4350-AFED-2176DCF81A38} = {2FC953EF-4498-44A3-9141-92E278EC8A7D}
		{12AF0208-F362-4A48-8576-E2FAD75E422E} = {2FC953EF-4498-44A3-9141-92E278EC8A7D}
		{43635423-C56A-48FE-A2FF-7857F3625A69} = {2FC953EF-4498-44A3-9141-92E278EC8A7D}
		{FE807C52-3CBE-4379-9EB9-33B28DF07DC1} = {2FC953EF-4498-44A3-9141-92E278EC8A7D}
		{6BCF5AD7-E2EB-42E9-8317-FFDC2EC7FA11} = {7B680925-EC15-499F-A0C2-8F1188934504}
	EndGlobalSection
	GlobalSection(ExtensibilityGlobals) = postSolution
		SolutionGuid = {51E4204A-267B-47ED-9A95-067F7B4115FD}
	EndGlobalSection
EndGlobal
