
Microsoft Visual Studio Solution File, Format Version 12.00
# Visual Studio 15
VisualStudioVersion = 15.0.28307.902
MinimumVisualStudioVersion = 10.0.40219.1
Project("{2150E333-8FDC-42A3-9474-1A3956D46DE8}") = "Shared Projects", "Shared Projects", "{7B680925-EC15-499F-A0C2-8F1188934504}"
EndProject
Project("{D954291E-2A0B-460D-934E-DC6B0785DB48}") = "CCLLC.CDS.Sdk", "SharedProjects\CCLLC.CDS.Sdk\CCLLC.CDS.Sdk.shproj", "{EFE8BFFA-135D-4DCC-A5AF-74E255E4CBD7}"
EndProject
Project("{D954291E-2A0B-460D-934E-DC6B0785DB48}") = "CCLLC.CDS.Sdk.Instrumented", "SharedProjects\CCLLC.CDS.Sdk.Instrumented\CCLLC.CDS.Sdk.Instrumented.shproj", "{0BA50405-D933-4671-9C61-AE6C73EE8D5B}"
EndProject
Project("{9A19103F-16F7-4668-BE54-9A1E7A4F7556}") = "CCLLC.CDS.Sdk", "LibraryProjects\CCLLC.CDS.Sdk\CCLLC.CDS.Sdk.csproj", "{CF336BB7-87C9-4561-9549-293426BAAA3E}"
EndProject
Project("{9A19103F-16F7-4668-BE54-9A1E7A4F7556}") = "CCLLC.CDS.Sdk.Instrumented", "LibraryProjects\CCLLC.CDS.Sdk.Instrumented\CCLLC.CDS.Sdk.Instrumented.csproj", "{E064ABFF-1758-44A3-9772-4F9BA6E7283C}"
EndProject
Project("{D954291E-2A0B-460D-934E-DC6B0785DB48}") = "CCLLC.CDS.Sdk.SearchUtilities", "SharedProjects\CCLLC.CDS.Sdk.SearchUtilities\CCLLC.CDS.Sdk.SearchUtilities.shproj", "{6BCF5AD7-E2EB-42E9-8317-FFDC2EC7FA11}"
EndProject
Global
	GlobalSection(SharedMSBuildProjectFiles) = preSolution
		SharedProjects\CCLLC.CDS.Sdk.Instrumented\CCLLC.CDS.Sdk.Instrumented.projitems*{0ba50405-d933-4671-9c61-ae6c73ee8d5b}*SharedItemsImports = 13
		SharedProjects\CCLLC.CDS.Sdk.SearchUtilities\CCLLC.CDS.Sdk.SearchUtilities.projitems*{6bcf5ad7-e2eb-42e9-8317-ffdc2ec7fa11}*SharedItemsImports = 13
		SharedProjects\CCLLC.CDS.Sdk\CCLLC.CDS.Sdk.projitems*{cf336bb7-87c9-4561-9549-293426baaa3e}*SharedItemsImports = 4
		SharedProjects\CCLLC.CDS.Sdk.Instrumented\CCLLC.CDS.Sdk.Instrumented.projitems*{e064abff-1758-44a3-9772-4f9ba6e7283c}*SharedItemsImports = 4
		SharedProjects\CCLLC.CDS.Sdk\CCLLC.CDS.Sdk.projitems*{efe8bffa-135d-4dcc-a5af-74e255e4cbd7}*SharedItemsImports = 13
	EndGlobalSection
	GlobalSection(SolutionConfigurationPlatforms) = preSolution
		Debug|Any CPU = Debug|Any CPU
		Release|Any CPU = Release|Any CPU
	EndGlobalSection
	GlobalSection(ProjectConfigurationPlatforms) = postSolution
		{CF336BB7-87C9-4561-9549-293426BAAA3E}.Debug|Any CPU.ActiveCfg = Debug|Any CPU
		{CF336BB7-87C9-4561-9549-293426BAAA3E}.Debug|Any CPU.Build.0 = Debug|Any CPU
		{CF336BB7-87C9-4561-9549-293426BAAA3E}.Release|Any CPU.ActiveCfg = Release|Any CPU
		{CF336BB7-87C9-4561-9549-293426BAAA3E}.Release|Any CPU.Build.0 = Release|Any CPU
		{E064ABFF-1758-44A3-9772-4F9BA6E7283C}.Debug|Any CPU.ActiveCfg = Debug|Any CPU
		{E064ABFF-1758-44A3-9772-4F9BA6E7283C}.Debug|Any CPU.Build.0 = Debug|Any CPU
		{E064ABFF-1758-44A3-9772-4F9BA6E7283C}.Release|Any CPU.ActiveCfg = Release|Any CPU
		{E064ABFF-1758-44A3-9772-4F9BA6E7283C}.Release|Any CPU.Build.0 = Release|Any CPU
	EndGlobalSection
	GlobalSection(SolutionProperties) = preSolution
		HideSolutionNode = FALSE
	EndGlobalSection
	GlobalSection(NestedProjects) = preSolution
		{EFE8BFFA-135D-4DCC-A5AF-74E255E4CBD7} = {7B680925-EC15-499F-A0C2-8F1188934504}
		{0BA50405-D933-4671-9C61-AE6C73EE8D5B} = {7B680925-EC15-499F-A0C2-8F1188934504}
		{6BCF5AD7-E2EB-42E9-8317-FFDC2EC7FA11} = {7B680925-EC15-499F-A0C2-8F1188934504}
	EndGlobalSection
	GlobalSection(ExtensibilityGlobals) = postSolution
		SolutionGuid = {51E4204A-267B-47ED-9A95-067F7B4115FD}
	EndGlobalSection
EndGlobal
