
Microsoft Visual Studio Solution File, Format Version 12.00
# Visual Studio 15
VisualStudioVersion = 15.0.28307.902
MinimumVisualStudioVersion = 10.0.40219.1
Project("{2150E333-8FDC-42A3-9474-1A3956D46DE8}") = "Shared Projects", "Shared Projects", "{0BE60F20-8F4C-4BE7-92FA-FD5E1B46E8F4}"
EndProject
Project("{D954291E-2A0B-460D-934E-DC6B0785DB48}") = "CCLLC.Core.Encryption", "SharedProjects\Encryption\CCLLC.Core.Encryption.shproj", "{A1148225-6273-40EC-AB5B-B0DAACD5C243}"
EndProject
Project("{D954291E-2A0B-460D-934E-DC6B0785DB48}") = "CCLLC.Core.IocContainer", "SharedProjects\IocContainer\CCLLC.Core.IocContainer.shproj", "{9BB1A0AB-3AC3-4A72-A487-22C8CE404AB2}"
EndProject
Project("{D954291E-2A0B-460D-934E-DC6B0785DB48}") = "CCLLC.Core.Net", "SharedProjects\Net\CCLLC.Core.Net.shproj", "{085A0EB9-D245-4AF3-9D25-FB86DF3F9B42}"
EndProject
Project("{D954291E-2A0B-460D-934E-DC6B0785DB48}") = "CCLLC.Core.ProcessModel", "SharedProjects\ProcessModel\CCLLC.Core.ProcessModel.shproj", "{ECD9FF45-12AA-4D19-9691-D1C5051105ED}"
EndProject
Project("{D954291E-2A0B-460D-934E-DC6B0785DB48}") = "CCLLC.Core.RestClient", "SharedProjects\RestClient\CCLLC.Core.RestClient.shproj", "{614892E4-B856-477E-B510-7A6CD1DAC9A7}"
EndProject
Project("{D954291E-2A0B-460D-934E-DC6B0785DB48}") = "CCLLC.Core.Serialization", "SharedProjects\Serialization\CCLLC.Core.Serialization.shproj", "{7526E378-7388-46F9-89F2-907FC39770F6}"
EndProject
Project("{9A19103F-16F7-4668-BE54-9A1E7A4F7556}") = "CCLLC.Core.Encryption", "LibraryProjects\CCLLC.Core.Encryption\CCLLC.Core.Encryption.csproj", "{12AF0208-F362-4A48-8576-E2FAD75E422E}"
EndProject
Project("{9A19103F-16F7-4668-BE54-9A1E7A4F7556}") = "CCLLC.Core.IocContainer", "LibraryProjects\CCLLC.Core.IocContainer\CCLLC.Core.IocContainer.csproj", "{8AE70CE7-65E1-4117-BADE-A02E6023C1A1}"
EndProject
Project("{9A19103F-16F7-4668-BE54-9A1E7A4F7556}") = "CCLLC.Core.Net", "LibraryProjects\CCLLC.Core.Net\CCLLC.Core.Net.csproj", "{578FFA24-E037-4D00-976E-AB586068034A}"
EndProject
Project("{9A19103F-16F7-4668-BE54-9A1E7A4F7556}") = "CCLLC.Core.ProcessModel", "LibraryProjects\CCLLC.Core.ProcessModel\CCLLC.Core.ProcessModel.csproj", "{64980A0B-A879-4350-AFED-2176DCF81A38}"
EndProject
Project("{FAE04EC0-301F-11D3-BF4B-00C04F79EFBC}") = "CCLLC.Core.RestClient", "LibraryProjects\CCLLC.Core.RestClient\CCLLC.Core.RestClient.csproj", "{519F6685-57B7-488D-8FA1-864FD46A38C4}"
EndProject
Project("{FAE04EC0-301F-11D3-BF4B-00C04F79EFBC}") = "CCLLC.Core.Serialization", "LibraryProjects\CCLLC.Core.Serialization\CCLLC.Core.Serialization.csproj", "{443AAEE4-450D-47EE-9D9C-94AD3EDBAA78}"
EndProject
Project("{2150E333-8FDC-42A3-9474-1A3956D46DE8}") = "Tests", "Tests", "{499B06BC-0B19-461A-981F-66F6A58384BC}"
EndProject
Project("{FAE04EC0-301F-11D3-BF4B-00C04F79EFBC}") = "CCLLC.Core.IocContainer.UnitTest", "TestProjects\CCLLC.Core.IocContainer.UnitTest\CCLLC.Core.IocContainer.UnitTest.csproj", "{11A33F69-0EB5-4BAA-80D4-0D8DCBB26890}"
EndProject
Project("{D954291E-2A0B-460D-934E-DC6B0785DB48}") = "CCLLC.Core.Net.Instrumented", "SharedProjects\Net.Instrumented\CCLLC.Core.Net.Instrumented.shproj", "{B08019A1-92C2-4D37-A2B8-3A02F53CAAC5}"
EndProject
Project("{9A19103F-16F7-4668-BE54-9A1E7A4F7556}") = "CCLLC.Core.Net.Instrumented", "LibraryProjects\CCLLC.Core.Net.Instrumented\CCLLC.Core.Net.Instrumented.csproj", "{FE807C52-3CBE-4379-9EB9-33B28DF07DC1}"
EndProject
Project("{2150E333-8FDC-42A3-9474-1A3956D46DE8}") = "Reference Projects", "Reference Projects", "{A797E372-499D-4171-A1A3-13414D46DEDD}"
EndProject
Project("{9A19103F-16F7-4668-BE54-9A1E7A4F7556}") = "CCLLC.Telemetry", "..\CCLLC.Telemetry\LibraryProjects\CCLLC.Telemetry\CCLLC.Telemetry.csproj", "{43635423-C56A-48FE-A2FF-7857F3625A69}"
EndProject
Project("{FAE04EC0-301F-11D3-BF4B-00C04F79EFBC}") = "CCLLC.Core.ProcessModel.UnitTest", "TestProjects\CCLLC.Core.ProcessModel.UnitTest\CCLLC.Core.ProcessModel.UnitTest.csproj", "{554278BF-71AF-4B5A-978C-2693967F4152}"
EndProject
Global
	GlobalSection(SharedMSBuildProjectFiles) = preSolution
		SharedProjects\Net\CCLLC.Core.Net.projitems*{085a0eb9-d245-4af3-9d25-fb86df3f9b42}*SharedItemsImports = 13
		SharedProjects\Encryption\CCLLC.Core.Encryption.projitems*{12af0208-f362-4a48-8576-e2fad75e422e}*SharedItemsImports = 4
		SharedProjects\Serialization\CCLLC.Core.Serialization.projitems*{443aaee4-450d-47ee-9d9c-94ad3edbaa78}*SharedItemsImports = 4
		SharedProjects\RestClient\CCLLC.Core.RestClient.projitems*{519f6685-57b7-488d-8fa1-864fd46a38c4}*SharedItemsImports = 4
		SharedProjects\Net\CCLLC.Core.Net.projitems*{578ffa24-e037-4d00-976e-ab586068034a}*SharedItemsImports = 4
		SharedProjects\RestClient\CCLLC.Core.RestClient.projitems*{614892e4-b856-477e-b510-7a6cd1dac9a7}*SharedItemsImports = 13
		SharedProjects\ProcessModel\CCLLC.Core.ProcessModel.projitems*{64980a0b-a879-4350-afed-2176dcf81a38}*SharedItemsImports = 4
		SharedProjects\Serialization\CCLLC.Core.Serialization.projitems*{7526e378-7388-46f9-89f2-907fc39770f6}*SharedItemsImports = 13
		SharedProjects\IocContainer\CCLLC.Core.IocContainer.projitems*{9bb1a0ab-3ac3-4a72-a487-22c8ce404ab2}*SharedItemsImports = 13
		SharedProjects\Encryption\CCLLC.Core.Encryption.projitems*{a1148225-6273-40ec-ab5b-b0daacd5c243}*SharedItemsImports = 13
		SharedProjects\Net.Instrumented\CCLLC.Core.Net.Instrumented.projitems*{b08019a1-92c2-4d37-a2b8-3a02f53caac5}*SharedItemsImports = 13
		SharedProjects\ProcessModel\CCLLC.Core.ProcessModel.projitems*{ecd9ff45-12aa-4d19-9691-d1c5051105ed}*SharedItemsImports = 13
		SharedProjects\Net.Instrumented\CCLLC.Core.Net.Instrumented.projitems*{fe807c52-3cbe-4379-9eb9-33b28df07dc1}*SharedItemsImports = 4
	EndGlobalSection
	GlobalSection(SolutionConfigurationPlatforms) = preSolution
		Debug|Any CPU = Debug|Any CPU
		Release|Any CPU = Release|Any CPU
	EndGlobalSection
	GlobalSection(ProjectConfigurationPlatforms) = postSolution
		{12AF0208-F362-4A48-8576-E2FAD75E422E}.Debug|Any CPU.ActiveCfg = Debug|Any CPU
		{12AF0208-F362-4A48-8576-E2FAD75E422E}.Debug|Any CPU.Build.0 = Debug|Any CPU
		{12AF0208-F362-4A48-8576-E2FAD75E422E}.Release|Any CPU.ActiveCfg = Release|Any CPU
		{12AF0208-F362-4A48-8576-E2FAD75E422E}.Release|Any CPU.Build.0 = Release|Any CPU
		{8AE70CE7-65E1-4117-BADE-A02E6023C1A1}.Debug|Any CPU.ActiveCfg = Debug|Any CPU
		{8AE70CE7-65E1-4117-BADE-A02E6023C1A1}.Debug|Any CPU.Build.0 = Debug|Any CPU
		{8AE70CE7-65E1-4117-BADE-A02E6023C1A1}.Release|Any CPU.ActiveCfg = Release|Any CPU
		{8AE70CE7-65E1-4117-BADE-A02E6023C1A1}.Release|Any CPU.Build.0 = Release|Any CPU
		{578FFA24-E037-4D00-976E-AB586068034A}.Debug|Any CPU.ActiveCfg = Debug|Any CPU
		{578FFA24-E037-4D00-976E-AB586068034A}.Debug|Any CPU.Build.0 = Debug|Any CPU
		{578FFA24-E037-4D00-976E-AB586068034A}.Release|Any CPU.ActiveCfg = Release|Any CPU
		{578FFA24-E037-4D00-976E-AB586068034A}.Release|Any CPU.Build.0 = Release|Any CPU
		{64980A0B-A879-4350-AFED-2176DCF81A38}.Debug|Any CPU.ActiveCfg = Debug|Any CPU
		{64980A0B-A879-4350-AFED-2176DCF81A38}.Debug|Any CPU.Build.0 = Debug|Any CPU
		{64980A0B-A879-4350-AFED-2176DCF81A38}.Release|Any CPU.ActiveCfg = Release|Any CPU
		{64980A0B-A879-4350-AFED-2176DCF81A38}.Release|Any CPU.Build.0 = Release|Any CPU
		{519F6685-57B7-488D-8FA1-864FD46A38C4}.Debug|Any CPU.ActiveCfg = Debug|Any CPU
		{519F6685-57B7-488D-8FA1-864FD46A38C4}.Debug|Any CPU.Build.0 = Debug|Any CPU
		{519F6685-57B7-488D-8FA1-864FD46A38C4}.Release|Any CPU.ActiveCfg = Release|Any CPU
		{519F6685-57B7-488D-8FA1-864FD46A38C4}.Release|Any CPU.Build.0 = Release|Any CPU
		{443AAEE4-450D-47EE-9D9C-94AD3EDBAA78}.Debug|Any CPU.ActiveCfg = Debug|Any CPU
		{443AAEE4-450D-47EE-9D9C-94AD3EDBAA78}.Debug|Any CPU.Build.0 = Debug|Any CPU
		{443AAEE4-450D-47EE-9D9C-94AD3EDBAA78}.Release|Any CPU.ActiveCfg = Release|Any CPU
		{443AAEE4-450D-47EE-9D9C-94AD3EDBAA78}.Release|Any CPU.Build.0 = Release|Any CPU
		{11A33F69-0EB5-4BAA-80D4-0D8DCBB26890}.Debug|Any CPU.ActiveCfg = Debug|Any CPU
		{11A33F69-0EB5-4BAA-80D4-0D8DCBB26890}.Debug|Any CPU.Build.0 = Debug|Any CPU
		{11A33F69-0EB5-4BAA-80D4-0D8DCBB26890}.Release|Any CPU.ActiveCfg = Release|Any CPU
		{11A33F69-0EB5-4BAA-80D4-0D8DCBB26890}.Release|Any CPU.Build.0 = Release|Any CPU
		{FE807C52-3CBE-4379-9EB9-33B28DF07DC1}.Debug|Any CPU.ActiveCfg = Debug|Any CPU
		{FE807C52-3CBE-4379-9EB9-33B28DF07DC1}.Debug|Any CPU.Build.0 = Debug|Any CPU
		{FE807C52-3CBE-4379-9EB9-33B28DF07DC1}.Release|Any CPU.ActiveCfg = Release|Any CPU
		{FE807C52-3CBE-4379-9EB9-33B28DF07DC1}.Release|Any CPU.Build.0 = Release|Any CPU
		{43635423-C56A-48FE-A2FF-7857F3625A69}.Debug|Any CPU.ActiveCfg = Debug|Any CPU
		{43635423-C56A-48FE-A2FF-7857F3625A69}.Debug|Any CPU.Build.0 = Debug|Any CPU
		{43635423-C56A-48FE-A2FF-7857F3625A69}.Release|Any CPU.ActiveCfg = Release|Any CPU
		{43635423-C56A-48FE-A2FF-7857F3625A69}.Release|Any CPU.Build.0 = Release|Any CPU
		{554278BF-71AF-4B5A-978C-2693967F4152}.Debug|Any CPU.ActiveCfg = Debug|Any CPU
		{554278BF-71AF-4B5A-978C-2693967F4152}.Debug|Any CPU.Build.0 = Debug|Any CPU
		{554278BF-71AF-4B5A-978C-2693967F4152}.Release|Any CPU.ActiveCfg = Release|Any CPU
		{554278BF-71AF-4B5A-978C-2693967F4152}.Release|Any CPU.Build.0 = Release|Any CPU
	EndGlobalSection
	GlobalSection(SolutionProperties) = preSolution
		HideSolutionNode = FALSE
	EndGlobalSection
	GlobalSection(NestedProjects) = preSolution
		{A1148225-6273-40EC-AB5B-B0DAACD5C243} = {0BE60F20-8F4C-4BE7-92FA-FD5E1B46E8F4}
		{9BB1A0AB-3AC3-4A72-A487-22C8CE404AB2} = {0BE60F20-8F4C-4BE7-92FA-FD5E1B46E8F4}
		{085A0EB9-D245-4AF3-9D25-FB86DF3F9B42} = {0BE60F20-8F4C-4BE7-92FA-FD5E1B46E8F4}
		{ECD9FF45-12AA-4D19-9691-D1C5051105ED} = {0BE60F20-8F4C-4BE7-92FA-FD5E1B46E8F4}
		{614892E4-B856-477E-B510-7A6CD1DAC9A7} = {0BE60F20-8F4C-4BE7-92FA-FD5E1B46E8F4}
		{7526E378-7388-46F9-89F2-907FC39770F6} = {0BE60F20-8F4C-4BE7-92FA-FD5E1B46E8F4}
		{11A33F69-0EB5-4BAA-80D4-0D8DCBB26890} = {499B06BC-0B19-461A-981F-66F6A58384BC}
		{B08019A1-92C2-4D37-A2B8-3A02F53CAAC5} = {0BE60F20-8F4C-4BE7-92FA-FD5E1B46E8F4}
		{43635423-C56A-48FE-A2FF-7857F3625A69} = {A797E372-499D-4171-A1A3-13414D46DEDD}
		{554278BF-71AF-4B5A-978C-2693967F4152} = {499B06BC-0B19-461A-981F-66F6A58384BC}
	EndGlobalSection
	GlobalSection(ExtensibilityGlobals) = postSolution
		SolutionGuid = {6C4E4BA9-D300-4FCC-B3D2-49C378AA5773}
	EndGlobalSection
EndGlobal
